# This file is autogenerated, do not edit; changes may be undone by the next 'dep ensure'.


[[projects]]
  branch = "add-gtm"
  digest = "1:7ae2c17316fd3a4e2ee9e9fa626cefd272f73e333e2927a7403e109202d15d1c"
  name = "github.com/akamai/AkamaiOPEN-edgegrid-golang"
  packages = [
    "client-v1",
    "configgtm-v1",
    "edgegrid",
    "jsonhooks-v1",
    "reportsgtm-v1",
  ]
  pruneopts = "UT"
  revision = "1d2cec123a4fdb63a9f5b01e4a28bd2bddbbb887"
  source = "github.com/edglynes/AkamaiOPEN-edgegrid-golang"

[[projects]]
  branch = "master"
  digest = "1:71008a7b1acbbb606962064eebf68d8d1f76258da390c79c8e7330d37099e0e5"
  name = "github.com/akamai/cli-common-golang"
  packages = ["."]
  pruneopts = "UT"
  revision = "ff6f30c42c8085fd68075856b429649d4a711f40"

[[projects]]
  digest = "1:937ce6e0cd5ccfec205f444a0d9c74f5680cbb68cd0a992b000559bf964ea20b"
  name = "github.com/briandowns/spinner"
  packages = ["."]
  pruneopts = "UT"
  revision = "e3fb08e7443c496a847cb2eef48e3883f3e12c38"
  version = "v1.6.1"

[[projects]]
  digest = "1:865079840386857c809b72ce300be7580cb50d3d3129ce11bf9aa6ca2bc1934a"
  name = "github.com/fatih/color"
  packages = ["."]
  pruneopts = "UT"
  revision = "5b77d2a35fb0ede96d138fc9a99f5c9b6aef11b4"
  version = "v1.7.0"

[[projects]]
  digest = "1:d37c61a335d13bc49b3f90e9e13c8686e4548839b69c58549e727afb2245c454"
  name = "github.com/go-ini/ini"
  packages = ["."]
  pruneopts = "UT"
  revision = "c85607071cf08ca1adaf48319cd1aa322e81d8c1"
  version = "v1.42.0"

[[projects]]
  digest = "1:8f8811f9be822914c3a25c6a071e93beb4c805d7b026cbf298bc577bc1cc945b"
  name = "github.com/google/uuid"
  packages = ["."]
  pruneopts = "UT"
  revision = "064e2069ce9c359c118179501254f67d7d37ba24"
  version = "0.2"

[[projects]]
  digest = "1:31e761d97c76151dde79e9d28964a812c46efc5baee4085b86f68f0c654450de"
  name = "github.com/konsorten/go-windows-terminal-sequences"
  packages = ["."]
  pruneopts = "UT"
  revision = "f55edac94c9bbba5d6182a4be46d86a2c9b5b50e"
  version = "v1.0.2"

[[projects]]
  digest = "1:c658e84ad3916da105a761660dcaeb01e63416c8ec7bc62256a9b411a05fcd67"
  name = "github.com/mattn/go-colorable"
  packages = ["."]
  pruneopts = "UT"
  revision = "167de6bfdfba052fa6b2d3664c8f5272e23c9072"
  version = "v0.0.9"

[[projects]]
  digest = "1:9b90c7639a41697f3d4ad12d7d67dfacc9a7a4a6e0bbfae4fc72d0da57c28871"
  name = "github.com/mattn/go-isatty"
  packages = ["."]
  pruneopts = "UT"
  revision = "1311e847b0cb909da63b5fecfb5370aa66236465"
  version = "v0.0.8"

[[projects]]
  digest = "1:5d231480e1c64a726869bc4142d270184c419749d34f167646baa21008eb0a79"
  name = "github.com/mitchellh/go-homedir"
  packages = ["."]
  pruneopts = "UT"
  revision = "af06845cf3004701891bf4fdb884bfe4920b3727"
  version = "v1.1.0"

[[projects]]
  digest = "1:04457f9f6f3ffc5fea48e71d62f2ca256637dee0a04d710288e27e05c8b41976"
  name = "github.com/sirupsen/logrus"
  packages = ["."]
  pruneopts = "UT"
  revision = "839c75faf7f98a33d445d181f3018b5c3409a45e"
  version = "v1.4.2"

[[projects]]
  digest = "1:b24d38b282bacf9791408a080f606370efa3d364e4b5fd9ba0f7b87786d3b679"
  name = "github.com/urfave/cli"
  packages = ["."]
  pruneopts = "UT"
  revision = "cfb38830724cc34fedffe9a2a29fb54fa9169cd1"
  version = "v1.20.0"

[[projects]]
  branch = "release-branch.go1.11"
  digest = "1:33a43cb31975899cfcd81600d1390467db1778ae87102f80668a753fed8c663e"
  name = "golang.org/x/sys"
  packages = ["unix"]
  pruneopts = "UT"
  revision = "98c5dad5d1a0e8a73845ecc8897d0bd56586511d"

[solve-meta]
  analyzer-name = "dep"
  analyzer-version = 1
  input-imports = [
    "github.com/akamai/AkamaiOPEN-edgegrid-golang/configgtm-v1",
    "github.com/akamai/AkamaiOPEN-edgegrid-golang/reportsgtm-v1",
    "github.com/akamai/cli-common-golang",
    "github.com/fatih/color",
    "github.com/urfave/cli",
  ]
  solver-name = "gps-cdcl"
  solver-version = 1
